
Microsoft Visual Studio Solution File, Format Version 12.00
# Visual Studio 15
VisualStudioVersion = 15.0.27703.2018
MinimumVisualStudioVersion = 10.0.40219.1
Project("{8BC9CEB8-8B4A-11D0-8D11-00A0C91BC942}") = "hangman", "hangman\hangman.vcxproj", "{0B2583E4-4C0D-4608-A7CB-222B21971217}"
EndProject
Global
	GlobalSection(SolutionConfigurationPlatforms) = preSolution
		Debug|x64 = Debug|x64
		Debug|x86 = Debug|x86
		Release|x64 = Release|x64
		Release|x86 = Release|x86
	EndGlobalSection
	GlobalSection(ProjectConfigurationPlatforms) = postSolution
		{0B2583E4-4C0D-4608-A7CB-222B21971217}.Debug|x64.ActiveCfg = Debug|x64
		{0B2583E4-4C0D-4608-A7CB-222B21971217}.Debug|x64.Build.0 = Debug|x64
		{0B2583E4-4C0D-4608-A7CB-222B21971217}.Debug|x86.ActiveCfg = Debug|Win32
		{0B2583E4-4C0D-4608-A7CB-222B21971217}.Debug|x86.Build.0 = Debug|Win32
		{0B2583E4-4C0D-4608-A7CB-222B21971217}.Release|x64.ActiveCfg = Release|x64
		{0B2583E4-4C0D-4608-A7CB-222B21971217}.Release|x64.Build.0 = Release|x64
		{0B2583E4-4C0D-4608-A7CB-222B21971217}.Release|x86.ActiveCfg = Release|Win32
		{0B2583E4-4C0D-4608-A7CB-222B21971217}.Release|x86.Build.0 = Release|Win32
	EndGlobalSection
	GlobalSection(SolutionProperties) = preSolution
		HideSolutionNode = FALSE
	EndGlobalSection
	GlobalSection(ExtensibilityGlobals) = postSolution
		SolutionGuid = {157E4AE2-28BD-4BA7-89EB-C0AA6CA18934}
	EndGlobalSection
EndGlobal
